Microsoft Visual Studio Solution File, Format Version 12.00
# Visual Studio Version 17
VisualStudioVersion = 17.5.2.0
MinimumVisualStudioVersion = 10.0.40219.1
Project("{FAE04EC0-301F-11D3-BF4B-00C04F79EFBC}") = "Journey.Api", "Journey.Api\Journey.Api.csproj", "{6FD31BFD-CA77-8492-A098-B78DDB5192F6}"
EndProject
Project("{FAE04EC0-301F-11D3-BF4B-00C04F79EFBC}") = "Journey.Application", "Journey.Application\Journey.Application.csproj", "{6161DC91-8027-54C1-BD77-7039F92F3BC9}"
EndProject
Project("{FAE04EC0-301F-11D3-BF4B-00C04F79EFBC}") = "Journey.Contracts", "Journey.Contracts\Journey.Contracts.csproj", "{99D7AD27-9CAE-08EC-7287-F0692D3CEE39}"
EndProject
Project("{FAE04EC0-301F-11D3-BF4B-00C04F79EFBC}") = "Journey.Domain", "Journey.Domain\Journey.Domain.csproj", "{6A3CFF54-D837-720D-540B-FA9BE5397256}"
EndProject
Project("{FAE04EC0-301F-11D3-BF4B-00C04F79EFBC}") = "Journey.Infrastructure", "Journey.Infrastructure\Journey.Infrastructure.csproj", "{A70A46FE-62C9-C604-26A3-04735A568F5A}"
EndProject
Global
	GlobalSection(SolutionConfigurationPlatforms) = preSolution
		Debug|Any CPU = Debug|Any CPU
		Release|Any CPU = Release|Any CPU
	EndGlobalSection
	GlobalSection(ProjectConfigurationPlatforms) = postSolution
		{6FD31BFD-CA77-8492-A098-B78DDB5192F6}.Debug|Any CPU.ActiveCfg = Debug|Any CPU
		{6FD31BFD-CA77-8492-A098-B78DDB5192F6}.Debug|Any CPU.Build.0 = Debug|Any CPU
		{6FD31BFD-CA77-8492-A098-B78DDB5192F6}.Release|Any CPU.ActiveCfg = Release|Any CPU
		{6FD31BFD-CA77-8492-A098-B78DDB5192F6}.Release|Any CPU.Build.0 = Release|Any CPU
		{6161DC91-8027-54C1-BD77-7039F92F3BC9}.Debug|Any CPU.ActiveCfg = Debug|Any CPU
		{6161DC91-8027-54C1-BD77-7039F92F3BC9}.Debug|Any CPU.Build.0 = Debug|Any CPU
		{6161DC91-8027-54C1-BD77-7039F92F3BC9}.Release|Any CPU.ActiveCfg = Release|Any CPU
		{6161DC91-8027-54C1-BD77-7039F92F3BC9}.Release|Any CPU.Build.0 = Release|Any CPU
		{99D7AD27-9CAE-08EC-7287-F0692D3CEE39}.Debug|Any CPU.ActiveCfg = Debug|Any CPU
		{99D7AD27-9CAE-08EC-7287-F0692D3CEE39}.Debug|Any CPU.Build.0 = Debug|Any CPU
		{99D7AD27-9CAE-08EC-7287-F0692D3CEE39}.Release|Any CPU.ActiveCfg = Release|Any CPU
		{99D7AD27-9CAE-08EC-7287-F0692D3CEE39}.Release|Any CPU.Build.0 = Release|Any CPU
		{6A3CFF54-D837-720D-540B-FA9BE5397256}.Debug|Any CPU.ActiveCfg = Debug|Any CPU
		{6A3CFF54-D837-720D-540B-FA9BE5397256}.Debug|Any CPU.Build.0 = Debug|Any CPU
		{6A3CFF54-D837-720D-540B-FA9BE5397256}.Release|Any CPU.ActiveCfg = Release|Any CPU
		{6A3CFF54-D837-720D-540B-FA9BE5397256}.Release|Any CPU.Build.0 = Release|Any CPU
		{A70A46FE-62C9-C604-26A3-04735A568F5A}.Debug|Any CPU.ActiveCfg = Debug|Any CPU
		{A70A46FE-62C9-C604-26A3-04735A568F5A}.Debug|Any CPU.Build.0 = Debug|Any CPU
		{A70A46FE-62C9-C604-26A3-04735A568F5A}.Release|Any CPU.ActiveCfg = Release|Any CPU
		{A70A46FE-62C9-C604-26A3-04735A568F5A}.Release|Any CPU.Build.0 = Release|Any CPU
	EndGlobalSection
	GlobalSection(SolutionProperties) = preSolution
		HideSolutionNode = FALSE
	EndGlobalSection
	GlobalSection(ExtensibilityGlobals) = postSolution
		SolutionGuid = {4999F54F-8C60-468E-ADFE-ED800B10DB0F}
	EndGlobalSection
EndGlobal
